
Microsoft Visual Studio Solution File, Format Version 12.00
# Visual Studio Version 17
VisualStudioVersion = 17.9.34902.65
MinimumVisualStudioVersion = 10.0.40219.1
Project("{8BC9CEB8-8B4A-11D0-8D11-00A0C91BC942}") = "Duck-Hunt", "Duck-Hunt\Duck-Hunt.vcxproj", "{169ECB99-8E76-4C8F-A28F-D5447396BBF8}"
EndProject
Global
	GlobalSection(SolutionConfigurationPlatforms) = preSolution
		Debug|x64 = Debug|x64
		Debug|x86 = Debug|x86
		Release|x64 = Release|x64
		Release|x86 = Release|x86
	EndGlobalSection
	GlobalSection(ProjectConfigurationPlatforms) = postSolution
		{169ECB99-8E76-4C8F-A28F-D5447396BBF8}.Debug|x64.ActiveCfg = Debug|x64
		{169ECB99-8E76-4C8F-A28F-D5447396BBF8}.Debug|x64.Build.0 = Debug|x64
		{169ECB99-8E76-4C8F-A28F-D5447396BBF8}.Debug|x86.ActiveCfg = Debug|Win32
		{169ECB99-8E76-4C8F-A28F-D5447396BBF8}.Debug|x86.Build.0 = Debug|Win32
		{169ECB99-8E76-4C8F-A28F-D5447396BBF8}.Release|x64.ActiveCfg = Release|x64
		{169ECB99-8E76-4C8F-A28F-D5447396BBF8}.Release|x64.Build.0 = Release|x64
		{169ECB99-8E76-4C8F-A28F-D5447396BBF8}.Release|x86.ActiveCfg = Release|Win32
		{169ECB99-8E76-4C8F-A28F-D5447396BBF8}.Release|x86.Build.0 = Release|Win32
	EndGlobalSection
	GlobalSection(SolutionProperties) = preSolution
		HideSolutionNode = FALSE
	EndGlobalSection
	GlobalSection(ExtensibilityGlobals) = postSolution
		SolutionGuid = {2AF9CF0F-7154-4D69-8754-003DCADA8E91}
	EndGlobalSection
EndGlobal
